// !$*UTF8*$!
{
	archiveVersion = 1;
	classes = {
	};
	objectVersion = 46;
	objects = {

/* Begin PBXBuildFile section */
		94559B0B1D6450A900EC0742 /* AppDelegate.swift in Sources */ = {isa = PBXBuildFile; fileRef = 94559B0A1D6450A900EC0742 /* AppDelegate.swift */; };
		94559B0D1D6450A900EC0742 /* FirstViewController.swift in Sources */ = {isa = PBXBuildFile; fileRef = 94559B0C1D6450A900EC0742 /* FirstViewController.swift */; };
		94559B0F1D6450A900EC0742 /* SecondViewController.swift in Sources */ = {isa = PBXBuildFile; fileRef = 94559B0E1D6450A900EC0742 /* SecondViewController.swift */; };
		94559B221D6450A900EC0742 /* Nanodegree_MusicSafariTests.swift in Sources */ = {isa = PBXBuildFile; fileRef = 94559B211D6450A900EC0742 /* Nanodegree_MusicSafariTests.swift */; };
		94559B2D1D6450A900EC0742 /* Nanodegree_MusicSafariUITests.swift in Sources */ = {isa = PBXBuildFile; fileRef = 94559B2C1D6450A900EC0742 /* Nanodegree_MusicSafariUITests.swift */; };
		94559B461D64527900EC0742 /* CoreDataStack.swift in Sources */ = {isa = PBXBuildFile; fileRef = 94559B3C1D64527900EC0742 /* CoreDataStack.swift */; };
		94559B471D64527900EC0742 /* HttpService.swift in Sources */ = {isa = PBXBuildFile; fileRef = 94559B3E1D64527900EC0742 /* HttpService.swift */; };
		94559B481D64527900EC0742 /* HttpServiceHelper.swift in Sources */ = {isa = PBXBuildFile; fileRef = 94559B3F1D64527900EC0742 /* HttpServiceHelper.swift */; };
		94559B491D64527900EC0742 /* Constants.swift in Sources */ = {isa = PBXBuildFile; fileRef = 94559B421D64527900EC0742 /* Constants.swift */; };
		94559B4A1D64527900EC0742 /* GCDBlackBox.swift in Sources */ = {isa = PBXBuildFile; fileRef = 94559B431D64527900EC0742 /* GCDBlackBox.swift */; };
		94559B4B1D64527900EC0742 /* Utils.swift in Sources */ = {isa = PBXBuildFile; fileRef = 94559B441D64527900EC0742 /* Utils.swift */; };
		94559B521D6452DA00EC0742 /* Assets.xcassets in Resources */ = {isa = PBXBuildFile; fileRef = 94559B4C1D6452DA00EC0742 /* Assets.xcassets */; };
		94559B551D6467EB00EC0742 /* LaunchScreen.storyboard in Resources */ = {isa = PBXBuildFile; fileRef = 94559B4E1D6452DA00EC0742 /* LaunchScreen.storyboard */; };
		94559B561D6467EB00EC0742 /* Main.storyboard in Resources */ = {isa = PBXBuildFile; fileRef = 94559B501D6452DA00EC0742 /* Main.storyboard */; };
		94559B591D646A8F00EC0742 /* Model.xcdatamodeld in Sources */ = {isa = PBXBuildFile; fileRef = 94559B571D646A8F00EC0742 /* Model.xcdatamodeld */; };
		94559B5B1D646E3B00EC0742 /* LastfmAPI.swift in Sources */ = {isa = PBXBuildFile; fileRef = 94559B5A1D646E3B00EC0742 /* LastfmAPI.swift */; };
		94559B5D1D64751800EC0742 /* testLastfmAPI.swift in Sources */ = {isa = PBXBuildFile; fileRef = 94559B5C1D64751800EC0742 /* testLastfmAPI.swift */; };
		94559B5E1D6476CD00EC0742 /* LastfmAPI.swift in Sources */ = {isa = PBXBuildFile; fileRef = 94559B5A1D646E3B00EC0742 /* LastfmAPI.swift */; };
		94559B5F1D647AD600EC0742 /* HttpService.swift in Sources */ = {isa = PBXBuildFile; fileRef = 94559B3E1D64527900EC0742 /* HttpService.swift */; };
		94559B601D647AD600EC0742 /* HttpServiceHelper.swift in Sources */ = {isa = PBXBuildFile; fileRef = 94559B3F1D64527900EC0742 /* HttpServiceHelper.swift */; };
		94559B611D647AD600EC0742 /* Constants.swift in Sources */ = {isa = PBXBuildFile; fileRef = 94559B421D64527900EC0742 /* Constants.swift */; };
		94559B621D647AD600EC0742 /* GCDBlackBox.swift in Sources */ = {isa = PBXBuildFile; fileRef = 94559B431D64527900EC0742 /* GCDBlackBox.swift */; };
		94559B631D647AD600EC0742 /* Utils.swift in Sources */ = {isa = PBXBuildFile; fileRef = 94559B441D64527900EC0742 /* Utils.swift */; };
		94559B641D647AE500EC0742 /* AppDelegate.swift in Sources */ = {isa = PBXBuildFile; fileRef = 94559B0A1D6450A900EC0742 /* AppDelegate.swift */; };
		94559B651D647D9400EC0742 /* CoreDataStack.swift in Sources */ = {isa = PBXBuildFile; fileRef = 94559B3C1D64527900EC0742 /* CoreDataStack.swift */; };
		94559B6D1D64B7B000EC0742 /* Track.swift in Sources */ = {isa = PBXBuildFile; fileRef = 94559B671D64B7B000EC0742 /* Track.swift */; };
		94559B6E1D64B7B000EC0742 /* Album+CoreDataProperties.swift in Sources */ = {isa = PBXBuildFile; fileRef = 94559B681D64B7B000EC0742 /* Album+CoreDataProperties.swift */; };
		94559B6F1D64B7B000EC0742 /* Album.swift in Sources */ = {isa = PBXBuildFile; fileRef = 94559B691D64B7B000EC0742 /* Album.swift */; };
		94559B701D64B7B000EC0742 /* Artist+CoreDataProperties.swift in Sources */ = {isa = PBXBuildFile; fileRef = 94559B6A1D64B7B000EC0742 /* Artist+CoreDataProperties.swift */; };
		94559B711D64B7B000EC0742 /* Artist.swift in Sources */ = {isa = PBXBuildFile; fileRef = 94559B6B1D64B7B000EC0742 /* Artist.swift */; };
		94559B741D654F5200EC0742 /* UserModel.xcdatamodeld in Sources */ = {isa = PBXBuildFile; fileRef = 94559B721D654F5200EC0742 /* UserModel.xcdatamodeld */; };
		9478A9EB1D65FE9300098CBA /* CoreDataTableViewController.swift in Sources */ = {isa = PBXBuildFile; fileRef = 9478A9EA1D65FE9300098CBA /* CoreDataTableViewController.swift */; };
		94A9B2F91D67494400F4A38F /* ArtistManager.swift in Sources */ = {isa = PBXBuildFile; fileRef = 94A9B2F81D67494400F4A38F /* ArtistManager.swift */; };
		94DE4E341D689099005F11F4 /* ArtistManager.swift in Sources */ = {isa = PBXBuildFile; fileRef = 94A9B2F81D67494400F4A38F /* ArtistManager.swift */; };
		94DE4E361D689099005F11F4 /* Track.swift in Sources */ = {isa = PBXBuildFile; fileRef = 94559B671D64B7B000EC0742 /* Track.swift */; };
		94DE4E371D689099005F11F4 /* Album+CoreDataProperties.swift in Sources */ = {isa = PBXBuildFile; fileRef = 94559B681D64B7B000EC0742 /* Album+CoreDataProperties.swift */; };
		94DE4E381D689099005F11F4 /* Album.swift in Sources */ = {isa = PBXBuildFile; fileRef = 94559B691D64B7B000EC0742 /* Album.swift */; };
		94DE4E391D689099005F11F4 /* Artist+CoreDataProperties.swift in Sources */ = {isa = PBXBuildFile; fileRef = 94559B6A1D64B7B000EC0742 /* Artist+CoreDataProperties.swift */; };
		94DE4E3A1D689099005F11F4 /* Artist.swift in Sources */ = {isa = PBXBuildFile; fileRef = 94559B6B1D64B7B000EC0742 /* Artist.swift */; };
		94DE4E3C1D68ABBA005F11F4 /* ArtistDetailViewController.swift in Sources */ = {isa = PBXBuildFile; fileRef = 94DE4E3B1D68ABBA005F11F4 /* ArtistDetailViewController.swift */; };
		94DE4E421D69BF70005F11F4 /* ArtistTableViewCell.swift in Sources */ = {isa = PBXBuildFile; fileRef = 94DE4E411D69BF70005F11F4 /* ArtistTableViewCell.swift */; };
		94DE4E481D69EB6A005F11F4 /* Track+CoreDataProperties.swift in Sources */ = {isa = PBXBuildFile; fileRef = 94DE4E451D69EB6A005F11F4 /* Track+CoreDataProperties.swift */; };
		94DE4E4A1D69F58E005F11F4 /* BusyView.swift in Sources */ = {isa = PBXBuildFile; fileRef = 94DE4E491D69F58E005F11F4 /* BusyView.swift */; };
/* End PBXBuildFile section */

/* Begin PBXContainerItemProxy section */
		94559B1E1D6450A900EC0742 /* PBXContainerItemProxy */ = {
			isa = PBXContainerItemProxy;
			containerPortal = 94559AFF1D6450A900EC0742 /* Project object */;
			proxyType = 1;
			remoteGlobalIDString = 94559B061D6450A900EC0742;
			remoteInfo = Nanodegree_MusicSafari;
		};
		94559B291D6450A900EC0742 /* PBXContainerItemProxy */ = {
			isa = PBXContainerItemProxy;
			containerPortal = 94559AFF1D6450A900EC0742 /* Project object */;
			proxyType = 1;
			remoteGlobalIDString = 94559B061D6450A900EC0742;
			remoteInfo = Nanodegree_MusicSafari;
		};
/* End PBXContainerItemProxy section */

/* Begin PBXFileReference section */
		94559B071D6450A900EC0742 /* Nanodegree_MusicSafari.app */ = {isa = PBXFileReference; explicitFileType = wrapper.application; includeInIndex = 0; path = Nanodegree_MusicSafari.app; sourceTree = BUILT_PRODUCTS_DIR; };
		94559B0A1D6450A900EC0742 /* AppDelegate.swift */ = {isa = PBXFileReference; lastKnownFileType = sourcecode.swift; path = AppDelegate.swift; sourceTree = "<group>"; };
		94559B0C1D6450A900EC0742 /* FirstViewController.swift */ = {isa = PBXFileReference; lastKnownFileType = sourcecode.swift; name = FirstViewController.swift; path = ../FirstViewController.swift; sourceTree = "<group>"; };
		94559B0E1D6450A900EC0742 /* SecondViewController.swift */ = {isa = PBXFileReference; lastKnownFileType = sourcecode.swift; path = SecondViewController.swift; sourceTree = "<group>"; };
		94559B181D6450A900EC0742 /* Info.plist */ = {isa = PBXFileReference; lastKnownFileType = text.plist.xml; path = Info.plist; sourceTree = "<group>"; };
		94559B1D1D6450A900EC0742 /* Nanodegree_MusicSafariTests.xctest */ = {isa = PBXFileReference; explicitFileType = wrapper.cfbundle; includeInIndex = 0; path = Nanodegree_MusicSafariTests.xctest; sourceTree = BUILT_PRODUCTS_DIR; };
		94559B211D6450A900EC0742 /* Nanodegree_MusicSafariTests.swift */ = {isa = PBXFileReference; lastKnownFileType = sourcecode.swift; path = Nanodegree_MusicSafariTests.swift; sourceTree = "<group>"; };
		94559B231D6450A900EC0742 /* Info.plist */ = {isa = PBXFileReference; lastKnownFileType = text.plist.xml; path = Info.plist; sourceTree = "<group>"; };
		94559B281D6450A900EC0742 /* Nanodegree_MusicSafariUITests.xctest */ = {isa = PBXFileReference; explicitFileType = wrapper.cfbundle; includeInIndex = 0; path = Nanodegree_MusicSafariUITests.xctest; sourceTree = BUILT_PRODUCTS_DIR; };
		94559B2C1D6450A900EC0742 /* Nanodegree_MusicSafariUITests.swift */ = {isa = PBXFileReference; lastKnownFileType = sourcecode.swift; path = Nanodegree_MusicSafariUITests.swift; sourceTree = "<group>"; };
		94559B2E1D6450A900EC0742 /* Info.plist */ = {isa = PBXFileReference; lastKnownFileType = text.plist.xml; path = Info.plist; sourceTree = "<group>"; };
		94559B3C1D64527900EC0742 /* CoreDataStack.swift */ = {isa = PBXFileReference; fileEncoding = 4; lastKnownFileType = sourcecode.swift; path = CoreDataStack.swift; sourceTree = "<group>"; };
		94559B3E1D64527900EC0742 /* HttpService.swift */ = {isa = PBXFileReference; fileEncoding = 4; lastKnownFileType = sourcecode.swift; path = HttpService.swift; sourceTree = "<group>"; };
		94559B3F1D64527900EC0742 /* HttpServiceHelper.swift */ = {isa = PBXFileReference; fileEncoding = 4; lastKnownFileType = sourcecode.swift; path = HttpServiceHelper.swift; sourceTree = "<group>"; };
		94559B421D64527900EC0742 /* Constants.swift */ = {isa = PBXFileReference; fileEncoding = 4; lastKnownFileType = sourcecode.swift; path = Constants.swift; sourceTree = "<group>"; };
		94559B431D64527900EC0742 /* GCDBlackBox.swift */ = {isa = PBXFileReference; fileEncoding = 4; lastKnownFileType = sourcecode.swift; path = GCDBlackBox.swift; sourceTree = "<group>"; };
		94559B441D64527900EC0742 /* Utils.swift */ = {isa = PBXFileReference; fileEncoding = 4; lastKnownFileType = sourcecode.swift; path = Utils.swift; sourceTree = "<group>"; };
		94559B4C1D6452DA00EC0742 /* Assets.xcassets */ = {isa = PBXFileReference; lastKnownFileType = folder.assetcatalog; path = Assets.xcassets; sourceTree = "<group>"; };
		94559B4F1D6452DA00EC0742 /* Base */ = {isa = PBXFileReference; lastKnownFileType = file.storyboard; name = Base; path = LaunchScreen.storyboard; sourceTree = "<group>"; };
		94559B511D6452DA00EC0742 /* Base */ = {isa = PBXFileReference; lastKnownFileType = file.storyboard; name = Base; path = Main.storyboard; sourceTree = "<group>"; };
		94559B581D646A8F00EC0742 /* Model.xcdatamodel */ = {isa = PBXFileReference; lastKnownFileType = wrapper.xcdatamodel; path = Model.xcdatamodel; sourceTree = "<group>"; };
		94559B5A1D646E3B00EC0742 /* LastfmAPI.swift */ = {isa = PBXFileReference; fileEncoding = 4; lastKnownFileType = sourcecode.swift; path = LastfmAPI.swift; sourceTree = "<group>"; };
		94559B5C1D64751800EC0742 /* testLastfmAPI.swift */ = {isa = PBXFileReference; fileEncoding = 4; lastKnownFileType = sourcecode.swift; path = testLastfmAPI.swift; sourceTree = "<group>"; };
		94559B671D64B7B000EC0742 /* Track.swift */ = {isa = PBXFileReference; fileEncoding = 4; lastKnownFileType = sourcecode.swift; path = Track.swift; sourceTree = "<group>"; };
		94559B681D64B7B000EC0742 /* Album+CoreDataProperties.swift */ = {isa = PBXFileReference; fileEncoding = 4; lastKnownFileType = sourcecode.swift; path = "Album+CoreDataProperties.swift"; sourceTree = "<group>"; };
		94559B691D64B7B000EC0742 /* Album.swift */ = {isa = PBXFileReference; fileEncoding = 4; lastKnownFileType = sourcecode.swift; path = Album.swift; sourceTree = "<group>"; };
		94559B6A1D64B7B000EC0742 /* Artist+CoreDataProperties.swift */ = {isa = PBXFileReference; fileEncoding = 4; lastKnownFileType = sourcecode.swift; path = "Artist+CoreDataProperties.swift"; sourceTree = "<group>"; };
		94559B6B1D64B7B000EC0742 /* Artist.swift */ = {isa = PBXFileReference; fileEncoding = 4; lastKnownFileType = sourcecode.swift; path = Artist.swift; sourceTree = "<group>"; };
		94559B731D654F5200EC0742 /* UserModel.xcdatamodel */ = {isa = PBXFileReference; lastKnownFileType = wrapper.xcdatamodel; path = UserModel.xcdatamodel; sourceTree = "<group>"; };
		9478A9EA1D65FE9300098CBA /* CoreDataTableViewController.swift */ = {isa = PBXFileReference; fileEncoding = 4; lastKnownFileType = sourcecode.swift; path = CoreDataTableViewController.swift; sourceTree = "<group>"; };
		94A9B2F81D67494400F4A38F /* ArtistManager.swift */ = {isa = PBXFileReference; fileEncoding = 4; lastKnownFileType = sourcecode.swift; path = ArtistManager.swift; sourceTree = "<group>"; };
		94DE4E3B1D68ABBA005F11F4 /* ArtistDetailViewController.swift */ = {isa = PBXFileReference; fileEncoding = 4; lastKnownFileType = sourcecode.swift; path = ArtistDetailViewController.swift; sourceTree = "<group>"; };
		94DE4E411D69BF70005F11F4 /* ArtistTableViewCell.swift */ = {isa = PBXFileReference; fileEncoding = 4; lastKnownFileType = sourcecode.swift; path = ArtistTableViewCell.swift; sourceTree = "<group>"; };
		94DE4E451D69EB6A005F11F4 /* Track+CoreDataProperties.swift */ = {isa = PBXFileReference; fileEncoding = 4; lastKnownFileType = sourcecode.swift; path = "Track+CoreDataProperties.swift"; sourceTree = "<group>"; };
		94DE4E491D69F58E005F11F4 /* BusyView.swift */ = {isa = PBXFileReference; fileEncoding = 4; lastKnownFileType = sourcecode.swift; path = BusyView.swift; sourceTree = "<group>"; };
/* End PBXFileReference section */

/* Begin PBXFrameworksBuildPhase section */
		94559B041D6450A900EC0742 /* Frameworks */ = {
			isa = PBXFrameworksBuildPhase;
			buildActionMask = 2147483647;
			files = (
			);
			runOnlyForDeploymentPostprocessing = 0;
		};
		94559B1A1D6450A900EC0742 /* Frameworks */ = {
			isa = PBXFrameworksBuildPhase;
			buildActionMask = 2147483647;
			files = (
			);
			runOnlyForDeploymentPostprocessing = 0;
		};
		94559B251D6450A900EC0742 /* Frameworks */ = {
			isa = PBXFrameworksBuildPhase;
			buildActionMask = 2147483647;
			files = (
			);
			runOnlyForDeploymentPostprocessing = 0;
		};
/* End PBXFrameworksBuildPhase section */

/* Begin PBXGroup section */
		94559AFE1D6450A900EC0742 = {
			isa = PBXGroup;
			children = (
				94559B091D6450A900EC0742 /* Nanodegree_MusicSafari */,
				94559B201D6450A900EC0742 /* Nanodegree_MusicSafariTests */,
				94559B2B1D6450A900EC0742 /* Nanodegree_MusicSafariUITests */,
				94559B081D6450A900EC0742 /* Products */,
			);
			sourceTree = "<group>";
		};
		94559B081D6450A900EC0742 /* Products */ = {
			isa = PBXGroup;
			children = (
				94559B071D6450A900EC0742 /* Nanodegree_MusicSafari.app */,
				94559B1D1D6450A900EC0742 /* Nanodegree_MusicSafariTests.xctest */,
				94559B281D6450A900EC0742 /* Nanodegree_MusicSafariUITests.xctest */,
			);
			name = Products;
			sourceTree = "<group>";
		};
		94559B091D6450A900EC0742 /* Nanodegree_MusicSafari */ = {
			isa = PBXGroup;
			children = (
				94DE4E401D69BF70005F11F4 /* Views */,
				94A9B2F71D67492E00F4A38F /* Manager */,
				94559B3A1D64527900EC0742 /* API */,
				94559B3B1D64527900EC0742 /* Model */,
				94559B3D1D64527900EC0742 /* Network */,
				94559B401D64527900EC0742 /* Resources */,
				94559B411D64527900EC0742 /* Supporting Files */,
				94559B451D64527900EC0742 /* ViewControllers */,
				94559B0A1D6450A900EC0742 /* AppDelegate.swift */,
				94559B0E1D6450A900EC0742 /* SecondViewController.swift */,
				94559B181D6450A900EC0742 /* Info.plist */,
			);
			path = Nanodegree_MusicSafari;
			sourceTree = "<group>";
		};
		94559B201D6450A900EC0742 /* Nanodegree_MusicSafariTests */ = {
			isa = PBXGroup;
			children = (
				94559B5C1D64751800EC0742 /* testLastfmAPI.swift */,
				94559B211D6450A900EC0742 /* Nanodegree_MusicSafariTests.swift */,
				94559B231D6450A900EC0742 /* Info.plist */,
			);
			path = Nanodegree_MusicSafariTests;
			sourceTree = "<group>";
		};
		94559B2B1D6450A900EC0742 /* Nanodegree_MusicSafariUITests */ = {
			isa = PBXGroup;
			children = (
				94559B2C1D6450A900EC0742 /* Nanodegree_MusicSafariUITests.swift */,
				94559B2E1D6450A900EC0742 /* Info.plist */,
			);
			path = Nanodegree_MusicSafariUITests;
			sourceTree = "<group>";
		};
		94559B3A1D64527900EC0742 /* API */ = {
			isa = PBXGroup;
			children = (
				94559B5A1D646E3B00EC0742 /* LastfmAPI.swift */,
			);
			path = API;
			sourceTree = "<group>";
		};
		94559B3B1D64527900EC0742 /* Model */ = {
			isa = PBXGroup;
			children = (
				94DE4E451D69EB6A005F11F4 /* Track+CoreDataProperties.swift */,
				94559B671D64B7B000EC0742 /* Track.swift */,
				94559B681D64B7B000EC0742 /* Album+CoreDataProperties.swift */,
				94559B691D64B7B000EC0742 /* Album.swift */,
				94559B6A1D64B7B000EC0742 /* Artist+CoreDataProperties.swift */,
				94559B6B1D64B7B000EC0742 /* Artist.swift */,
				94559B3C1D64527900EC0742 /* CoreDataStack.swift */,
				94559B571D646A8F00EC0742 /* Model.xcdatamodeld */,
				94559B721D654F5200EC0742 /* UserModel.xcdatamodeld */,
			);
			path = Model;
			sourceTree = "<group>";
		};
		94559B3D1D64527900EC0742 /* Network */ = {
			isa = PBXGroup;
			children = (
				94559B3E1D64527900EC0742 /* HttpService.swift */,
				94559B3F1D64527900EC0742 /* HttpServiceHelper.swift */,
			);
			path = Network;
			sourceTree = "<group>";
		};
		94559B401D64527900EC0742 /* Resources */ = {
			isa = PBXGroup;
			children = (
				94559B4C1D6452DA00EC0742 /* Assets.xcassets */,
				94559B4E1D6452DA00EC0742 /* LaunchScreen.storyboard */,
				94559B501D6452DA00EC0742 /* Main.storyboard */,
				94559B4D1D6452DA00EC0742 /* Base.lproj */,
			);
			path = Resources;
			sourceTree = "<group>";
		};
		94559B411D64527900EC0742 /* Supporting Files */ = {
			isa = PBXGroup;
			children = (
				94559B421D64527900EC0742 /* Constants.swift */,
				94559B431D64527900EC0742 /* GCDBlackBox.swift */,
				94559B441D64527900EC0742 /* Utils.swift */,
			);
			path = "Supporting Files";
			sourceTree = "<group>";
		};
		94559B451D64527900EC0742 /* ViewControllers */ = {
			isa = PBXGroup;
			children = (
				94DE4E3B1D68ABBA005F11F4 /* ArtistDetailViewController.swift */,
				94559B0C1D6450A900EC0742 /* FirstViewController.swift */,
				9478A9EA1D65FE9300098CBA /* CoreDataTableViewController.swift */,
			);
			path = ViewControllers;
			sourceTree = "<group>";
		};
		94559B4D1D6452DA00EC0742 /* Base.lproj */ = {
			isa = PBXGroup;
			children = (
			);
			path = Base.lproj;
			sourceTree = "<group>";
		};
		94A9B2F71D67492E00F4A38F /* Manager */ = {
			isa = PBXGroup;
			children = (
				94A9B2F81D67494400F4A38F /* ArtistManager.swift */,
			);
			path = Manager;
			sourceTree = "<group>";
		};
		94DE4E401D69BF70005F11F4 /* Views */ = {
			isa = PBXGroup;
			children = (
				94DE4E411D69BF70005F11F4 /* ArtistTableViewCell.swift */,
				94DE4E491D69F58E005F11F4 /* BusyView.swift */,
			);
			path = Views;
			sourceTree = "<group>";
		};
/* End PBXGroup section */

/* Begin PBXNativeTarget section */
		94559B061D6450A900EC0742 /* Nanodegree_MusicSafari */ = {
			isa = PBXNativeTarget;
			buildConfigurationList = 94559B311D6450A900EC0742 /* Build configuration list for PBXNativeTarget "Nanodegree_MusicSafari" */;
			buildPhases = (
				94559B031D6450A900EC0742 /* Sources */,
				94559B041D6450A900EC0742 /* Frameworks */,
				94559B051D6450A900EC0742 /* Resources */,
			);
			buildRules = (
			);
			dependencies = (
			);
			name = Nanodegree_MusicSafari;
			productName = Nanodegree_MusicSafari;
			productReference = 94559B071D6450A900EC0742 /* Nanodegree_MusicSafari.app */;
			productType = "com.apple.product-type.application";
		};
		94559B1C1D6450A900EC0742 /* Nanodegree_MusicSafariTests */ = {
			isa = PBXNativeTarget;
			buildConfigurationList = 94559B341D6450A900EC0742 /* Build configuration list for PBXNativeTarget "Nanodegree_MusicSafariTests" */;
			buildPhases = (
				94559B191D6450A900EC0742 /* Sources */,
				94559B1A1D6450A900EC0742 /* Frameworks */,
				94559B1B1D6450A900EC0742 /* Resources */,
			);
			buildRules = (
			);
			dependencies = (
				94559B1F1D6450A900EC0742 /* PBXTargetDependency */,
			);
			name = Nanodegree_MusicSafariTests;
			productName = Nanodegree_MusicSafariTests;
			productReference = 94559B1D1D6450A900EC0742 /* Nanodegree_MusicSafariTests.xctest */;
			productType = "com.apple.product-type.bundle.unit-test";
		};
		94559B271D6450A900EC0742 /* Nanodegree_MusicSafariUITests */ = {
			isa = PBXNativeTarget;
			buildConfigurationList = 94559B371D6450A900EC0742 /* Build configuration list for PBXNativeTarget "Nanodegree_MusicSafariUITests" */;
			buildPhases = (
				94559B241D6450A900EC0742 /* Sources */,
				94559B251D6450A900EC0742 /* Frameworks */,
				94559B261D6450A900EC0742 /* Resources */,
			);
			buildRules = (
			);
			dependencies = (
				94559B2A1D6450A900EC0742 /* PBXTargetDependency */,
			);
			name = Nanodegree_MusicSafariUITests;
			productName = Nanodegree_MusicSafariUITests;
			productReference = 94559B281D6450A900EC0742 /* Nanodegree_MusicSafariUITests.xctest */;
			productType = "com.apple.product-type.bundle.ui-testing";
		};
/* End PBXNativeTarget section */

/* Begin PBXProject section */
		94559AFF1D6450A900EC0742 /* Project object */ = {
			isa = PBXProject;
			attributes = {
				LastSwiftUpdateCheck = 0730;
				LastUpgradeCheck = 0730;
				ORGANIZATIONNAME = "frank-yuan";
				TargetAttributes = {
					94559B061D6450A900EC0742 = {
						CreatedOnToolsVersion = 7.3;
					};
					94559B1C1D6450A900EC0742 = {
						CreatedOnToolsVersion = 7.3;
						TestTargetID = 94559B061D6450A900EC0742;
					};
					94559B271D6450A900EC0742 = {
						CreatedOnToolsVersion = 7.3;
						TestTargetID = 94559B061D6450A900EC0742;
					};
				};
			};
			buildConfigurationList = 94559B021D6450A900EC0742 /* Build configuration list for PBXProject "Nanodegree_MusicSafari" */;
			compatibilityVersion = "Xcode 3.2";
			developmentRegion = English;
			hasScannedForEncodings = 0;
			knownRegions = (
				en,
				Base,
			);
			mainGroup = 94559AFE1D6450A900EC0742;
			productRefGroup = 94559B081D6450A900EC0742 /* Products */;
			projectDirPath = "";
			projectRoot = "";
			targets = (
				94559B061D6450A900EC0742 /* Nanodegree_MusicSafari */,
				94559B1C1D6450A900EC0742 /* Nanodegree_MusicSafariTests */,
				94559B271D6450A900EC0742 /* Nanodegree_MusicSafariUITests */,
			);
		};
/* End PBXProject section */

/* Begin PBXResourcesBuildPhase section */
		94559B051D6450A900EC0742 /* Resources */ = {
			isa = PBXResourcesBuildPhase;
			buildActionMask = 2147483647;
			files = (
				94559B551D6467EB00EC0742 /* LaunchScreen.storyboard in Resources */,
				94559B561D6467EB00EC0742 /* Main.storyboard in Resources */,
				94559B521D6452DA00EC0742 /* Assets.xcassets in Resources */,
			);
			runOnlyForDeploymentPostprocessing = 0;
		};
		94559B1B1D6450A900EC0742 /* Resources */ = {
			isa = PBXResourcesBuildPhase;
			buildActionMask = 2147483647;
			files = (
			);
			runOnlyForDeploymentPostprocessing = 0;
		};
		94559B261D6450A900EC0742 /* Resources */ = {
			isa = PBXResourcesBuildPhase;
			buildActionMask = 2147483647;
			files = (
			);
			runOnlyForDeploymentPostprocessing = 0;
		};
/* End PBXResourcesBuildPhase section */

/* Begin PBXSourcesBuildPhase section */
		94559B031D6450A900EC0742 /* Sources */ = {
			isa = PBXSourcesBuildPhase;
			buildActionMask = 2147483647;
			files = (
				94559B4A1D64527900EC0742 /* GCDBlackBox.swift in Sources */,
				94559B0F1D6450A900EC0742 /* SecondViewController.swift in Sources */,
				94559B4B1D64527900EC0742 /* Utils.swift in Sources */,
				94559B0B1D6450A900EC0742 /* AppDelegate.swift in Sources */,
				94DE4E3C1D68ABBA005F11F4 /* ArtistDetailViewController.swift in Sources */,
				94559B0D1D6450A900EC0742 /* FirstViewController.swift in Sources */,
				94DE4E421D69BF70005F11F4 /* ArtistTableViewCell.swift in Sources */,
				94559B6E1D64B7B000EC0742 /* Album+CoreDataProperties.swift in Sources */,
				94DE4E481D69EB6A005F11F4 /* Track+CoreDataProperties.swift in Sources */,
				94559B461D64527900EC0742 /* CoreDataStack.swift in Sources */,
				9478A9EB1D65FE9300098CBA /* CoreDataTableViewController.swift in Sources */,
				94DE4E4A1D69F58E005F11F4 /* BusyView.swift in Sources */,
				94559B741D654F5200EC0742 /* UserModel.xcdatamodeld in Sources */,
				94559B491D64527900EC0742 /* Constants.swift in Sources */,
				94559B591D646A8F00EC0742 /* Model.xcdatamodeld in Sources */,
				94A9B2F91D67494400F4A38F /* ArtistManager.swift in Sources */,
				94559B5B1D646E3B00EC0742 /* LastfmAPI.swift in Sources */,
				94559B6D1D64B7B000EC0742 /* Track.swift in Sources */,
				94559B701D64B7B000EC0742 /* Artist+CoreDataProperties.swift in Sources */,
				94559B471D64527900EC0742 /* HttpService.swift in Sources */,
				94559B711D64B7B000EC0742 /* Artist.swift in Sources */,
				94559B481D64527900EC0742 /* HttpServiceHelper.swift in Sources */,
				94559B6F1D64B7B000EC0742 /* Album.swift in Sources */,
			);
			runOnlyForDeploymentPostprocessing = 0;
		};
		94559B191D6450A900EC0742 /* Sources */ = {
			isa = PBXSourcesBuildPhase;
			buildActionMask = 2147483647;
			files = (
				94DE4E341D689099005F11F4 /* ArtistManager.swift in Sources */,
				94DE4E361D689099005F11F4 /* Track.swift in Sources */,
				94DE4E371D689099005F11F4 /* Album+CoreDataProperties.swift in Sources */,
				94DE4E381D689099005F11F4 /* Album.swift in Sources */,
				94DE4E391D689099005F11F4 /* Artist+CoreDataProperties.swift in Sources */,
				94DE4E3A1D689099005F11F4 /* Artist.swift in Sources */,
				94559B651D647D9400EC0742 /* CoreDataStack.swift in Sources */,
				94559B641D647AE500EC0742 /* AppDelegate.swift in Sources */,
				94559B5F1D647AD600EC0742 /* HttpService.swift in Sources */,
				94559B601D647AD600EC0742 /* HttpServiceHelper.swift in Sources */,
				94559B611D647AD600EC0742 /* Constants.swift in Sources */,
				94559B621D647AD600EC0742 /* GCDBlackBox.swift in Sources */,
				94559B631D647AD600EC0742 /* Utils.swift in Sources */,
				94559B5E1D6476CD00EC0742 /* LastfmAPI.swift in Sources */,
				94559B221D6450A900EC0742 /* Nanodegree_MusicSafariTests.swift in Sources */,
				94559B5D1D64751800EC0742 /* testLastfmAPI.swift in Sources */,
			);
			runOnlyForDeploymentPostprocessing = 0;
		};
		94559B241D6450A900EC0742 /* Sources */ = {
			isa = PBXSourcesBuildPhase;
			buildActionMask = 2147483647;
			files = (
				94559B2D1D6450A900EC0742 /* Nanodegree_MusicSafariUITests.swift in Sources */,
			);
			runOnlyForDeploymentPostprocessing = 0;
		};
/* End PBXSourcesBuildPhase section */

/* Begin PBXTargetDependency section */
		94559B1F1D6450A900EC0742 /* PBXTargetDependency */ = {
			isa = PBXTargetDependency;
			target = 94559B061D6450A900EC0742 /* Nanodegree_MusicSafari */;
			targetProxy = 94559B1E1D6450A900EC0742 /* PBXContainerItemProxy */;
		};
		94559B2A1D6450A900EC0742 /* PBXTargetDependency */ = {
			isa = PBXTargetDependency;
			target = 94559B061D6450A900EC0742 /* Nanodegree_MusicSafari */;
			targetProxy = 94559B291D6450A900EC0742 /* PBXContainerItemProxy */;
		};
/* End PBXTargetDependency section */

/* Begin PBXVariantGroup section */
		94559B4E1D6452DA00EC0742 /* LaunchScreen.storyboard */ = {
			isa = PBXVariantGroup;
			children = (
				94559B4F1D6452DA00EC0742 /* Base */,
			);
			name = LaunchScreen.storyboard;
			path = Base.lproj;
			sourceTree = "<group>";
		};
		94559B501D6452DA00EC0742 /* Main.storyboard */ = {
			isa = PBXVariantGroup;
			children = (
				94559B511D6452DA00EC0742 /* Base */,
			);
			name = Main.storyboard;
			path = Base.lproj;
			sourceTree = "<group>";
		};
/* End PBXVariantGroup section */

/* Begin XCBuildConfiguration section */
		94559B2F1D6450A900EC0742 /* Debug */ = {
			isa = XCBuildConfiguration;
			buildSettings = {
				ALWAYS_SEARCH_USER_PATHS = NO;
				CLANG_ANALYZER_NONNULL = YES;
				CLANG_CXX_LANGUAGE_STANDARD = "gnu++0x";
				CLANG_CXX_LIBRARY = "libc++";
				CLANG_ENABLE_MODULES = YES;
				CLANG_ENABLE_OBJC_ARC = YES;
				CLANG_WARN_BOOL_CONVERSION = YES;
				CLANG_WARN_CONSTANT_CONVERSION = YES;
				CLANG_WARN_DIRECT_OBJC_ISA_USAGE = YES_ERROR;
				CLANG_WARN_EMPTY_BODY = YES;
				CLANG_WARN_ENUM_CONVERSION = YES;
				CLANG_WARN_INT_CONVERSION = YES;
				CLANG_WARN_OBJC_ROOT_CLASS = YES_ERROR;
				CLANG_WARN_UNREACHABLE_CODE = YES;
				CLANG_WARN__DUPLICATE_METHOD_MATCH = YES;
				"CODE_SIGN_IDENTITY[sdk=iphoneos*]" = "iPhone Developer";
				COPY_PHASE_STRIP = NO;
				DEBUG_INFORMATION_FORMAT = dwarf;
				ENABLE_STRICT_OBJC_MSGSEND = YES;
				ENABLE_TESTABILITY = YES;
				GCC_C_LANGUAGE_STANDARD = gnu99;
				GCC_DYNAMIC_NO_PIC = NO;
				GCC_NO_COMMON_BLOCKS = YES;
				GCC_OPTIMIZATION_LEVEL = 0;
				GCC_PREPROCESSOR_DEFINITIONS = (
					"DEBUG=1",
					"$(inherited)",
				);
				GCC_WARN_64_TO_32_BIT_CONVERSION = YES;
				GCC_WARN_ABOUT_RETURN_TYPE = YES_ERROR;
				GCC_WARN_UNDECLARED_SELECTOR = YES;
				GCC_WARN_UNINITIALIZED_AUTOS = YES_AGGRESSIVE;
				GCC_WARN_UNUSED_FUNCTION = YES;
				GCC_WARN_UNUSED_VARIABLE = YES;
				IPHONEOS_DEPLOYMENT_TARGET = 9.3;
				MTL_ENABLE_DEBUG_INFO = YES;
				ONLY_ACTIVE_ARCH = YES;
				SDKROOT = iphoneos;
				SWIFT_OPTIMIZATION_LEVEL = "-Onone";
				TARGETED_DEVICE_FAMILY = "1,2";
			};
			name = Debug;
		};
		94559B301D6450A900EC0742 /* Release */ = {
			isa = XCBuildConfiguration;
			buildSettings = {
				ALWAYS_SEARCH_USER_PATHS = NO;
				CLANG_ANALYZER_NONNULL = YES;
				CLANG_CXX_LANGUAGE_STANDARD = "gnu++0x";
				CLANG_CXX_LIBRARY = "libc++";
				CLANG_ENABLE_MODULES = YES;
				CLANG_ENABLE_OBJC_ARC = YES;
				CLANG_WARN_BOOL_CONVERSION = YES;
				CLANG_WARN_CONSTANT_CONVERSION = YES;
				CLANG_WARN_DIRECT_OBJC_ISA_USAGE = YES_ERROR;
				CLANG_WARN_EMPTY_BODY = YES;
				CLANG_WARN_ENUM_CONVERSION = YES;
				CLANG_WARN_INT_CONVERSION = YES;
				CLANG_WARN_OBJC_ROOT_CLASS = YES_ERROR;
				CLANG_WARN_UNREACHABLE_CODE = YES;
				CLANG_WARN__DUPLICATE_METHOD_MATCH = YES;
				"CODE_SIGN_IDENTITY[sdk=iphoneos*]" = "iPhone Developer";
				COPY_PHASE_STRIP = NO;
				DEBUG_INFORMATION_FORMAT = "dwarf-with-dsym";
				ENABLE_NS_ASSERTIONS = NO;
				ENABLE_STRICT_OBJC_MSGSEND = YES;
				GCC_C_LANGUAGE_STANDARD = gnu99;
				GCC_NO_COMMON_BLOCKS = YES;
				GCC_WARN_64_TO_32_BIT_CONVERSION = YES;
				GCC_WARN_ABOUT_RETURN_TYPE = YES_ERROR;
				GCC_WARN_UNDECLARED_SELECTOR = YES;
				GCC_WARN_UNINITIALIZED_AUTOS = YES_AGGRESSIVE;
				GCC_WARN_UNUSED_FUNCTION = YES;
				GCC_WARN_UNUSED_VARIABLE = YES;
				IPHONEOS_DEPLOYMENT_TARGET = 9.3;
				MTL_ENABLE_DEBUG_INFO = NO;
				SDKROOT = iphoneos;
				TARGETED_DEVICE_FAMILY = "1,2";
				VALIDATE_PRODUCT = YES;
			};
			name = Release;
		};
		94559B321D6450A900EC0742 /* Debug */ = {
			isa = XCBuildConfiguration;
			buildSettings = {
				ASSETCATALOG_COMPILER_APPICON_NAME = AppIcon;
				INFOPLIST_FILE = Nanodegree_MusicSafari/Info.plist;
				LD_RUNPATH_SEARCH_PATHS = "$(inherited) @executable_path/Frameworks";
				PRODUCT_BUNDLE_IDENTIFIER = "com.frank-yuan.Nanodegree-MusicSafari";
				PRODUCT_NAME = "$(TARGET_NAME)";
			};
			name = Debug;
		};
		94559B331D6450A900EC0742 /* Release */ = {
			isa = XCBuildConfiguration;
			buildSettings = {
				ASSETCATALOG_COMPILER_APPICON_NAME = AppIcon;
				INFOPLIST_FILE = Nanodegree_MusicSafari/Info.plist;
				LD_RUNPATH_SEARCH_PATHS = "$(inherited) @executable_path/Frameworks";
				PRODUCT_BUNDLE_IDENTIFIER = "com.frank-yuan.Nanodegree-MusicSafari";
				PRODUCT_NAME = "$(TARGET_NAME)";
			};
			name = Release;
		};
		94559B351D6450A900EC0742 /* Debug */ = {
			isa = XCBuildConfiguration;
			buildSettings = {
				BUNDLE_LOADER = "$(TEST_HOST)";
				CODE_SIGN_IDENTITY = "iPhone Developer";
				INFOPLIST_FILE = Nanodegree_MusicSafariTests/Info.plist;
				LD_RUNPATH_SEARCH_PATHS = "$(inherited) @executable_path/Frameworks @loader_path/Frameworks";
				PRODUCT_BUNDLE_IDENTIFIER = "com.frank-yuan.Nanodegree-MusicSafariTests";
				PRODUCT_NAME = "$(TARGET_NAME)";
				TEST_HOST = "$(BUILT_PRODUCTS_DIR)/Nanodegree_MusicSafari.app/Nanodegree_MusicSafari";
			};
			name = Debug;
		};
		94559B361D6450A900EC0742 /* Release */ = {
			isa = XCBuildConfiguration;
			buildSettings = {
				BUNDLE_LOADER = "$(TEST_HOST)";
				CODE_SIGN_IDENTITY = "iPhone Developer";
				INFOPLIST_FILE = Nanodegree_MusicSafariTests/Info.plist;
				LD_RUNPATH_SEARCH_PATHS = "$(inherited) @executable_path/Frameworks @loader_path/Frameworks";
				PRODUCT_BUNDLE_IDENTIFIER = "com.frank-yuan.Nanodegree-MusicSafariTests";
				PRODUCT_NAME = "$(TARGET_NAME)";
				TEST_HOST = "$(BUILT_PRODUCTS_DIR)/Nanodegree_MusicSafari.app/Nanodegree_MusicSafari";
			};
			name = Release;
		};
		94559B381D6450A900EC0742 /* Debug */ = {
			isa = XCBuildConfiguration;
			buildSettings = {
				INFOPLIST_FILE = Nanodegree_MusicSafariUITests/Info.plist;
				LD_RUNPATH_SEARCH_PATHS = "$(inherited) @executable_path/Frameworks @loader_path/Frameworks";
				PRODUCT_BUNDLE_IDENTIFIER = "com.frank-yuan.Nanodegree-MusicSafariUITests";
				PRODUCT_NAME = "$(TARGET_NAME)";
				TEST_TARGET_NAME = Nanodegree_MusicSafari;
			};
			name = Debug;
		};
		94559B391D6450A900EC0742 /* Release */ = {
			isa = XCBuildConfiguration;
			buildSettings = {
				INFOPLIST_FILE = Nanodegree_MusicSafariUITests/Info.plist;
				LD_RUNPATH_SEARCH_PATHS = "$(inherited) @executable_path/Frameworks @loader_path/Frameworks";
				PRODUCT_BUNDLE_IDENTIFIER = "com.frank-yuan.Nanodegree-MusicSafariUITests";
				PRODUCT_NAME = "$(TARGET_NAME)";
				TEST_TARGET_NAME = Nanodegree_MusicSafari;
			};
			name = Release;
		};
/* End XCBuildConfiguration section */

/* Begin XCConfigurationList section */
		94559B021D6450A900EC0742 /* Build configuration list for PBXProject "Nanodegree_MusicSafari" */ = {
			isa = XCConfigurationList;
			buildConfigurations = (
				94559B2F1D6450A900EC0742 /* Debug */,
				94559B301D6450A900EC0742 /* Release */,
			);
			defaultConfigurationIsVisible = 0;
			defaultConfigurationName = Release;
		};
		94559B311D6450A900EC0742 /* Build configuration list for PBXNativeTarget "Nanodegree_MusicSafari" */ = {
			isa = XCConfigurationList;
			buildConfigurations = (
				94559B321D6450A900EC0742 /* Debug */,
				94559B331D6450A900EC0742 /* Release */,
			);
			defaultConfigurationIsVisible = 0;
			defaultConfigurationName = Release;
		};
		94559B341D6450A900EC0742 /* Build configuration list for PBXNativeTarget "Nanodegree_MusicSafariTests" */ = {
			isa = XCConfigurationList;
			buildConfigurations = (
				94559B351D6450A900EC0742 /* Debug */,
				94559B361D6450A900EC0742 /* Release */,
			);
			defaultConfigurationIsVisible = 0;
			defaultConfigurationName = Release;
		};
		94559B371D6450A900EC0742 /* Build configuration list for PBXNativeTarget "Nanodegree_MusicSafariUITests" */ = {
			isa = XCConfigurationList;
			buildConfigurations = (
				94559B381D6450A900EC0742 /* Debug */,
				94559B391D6450A900EC0742 /* Release */,
			);
			defaultConfigurationIsVisible = 0;
			defaultConfigurationName = Release;
		};
/* End XCConfigurationList section */

/* Begin XCVersionGroup section */
		94559B571D646A8F00EC0742 /* Model.xcdatamodeld */ = {
			isa = XCVersionGroup;
			children = (
				94559B581D646A8F00EC0742 /* Model.xcdatamodel */,
			);
			currentVersion = 94559B581D646A8F00EC0742 /* Model.xcdatamodel */;
			path = Model.xcdatamodeld;
			sourceTree = "<group>";
			versionGroupType = wrapper.xcdatamodel;
		};
		94559B721D654F5200EC0742 /* UserModel.xcdatamodeld */ = {
			isa = XCVersionGroup;
			children = (
				94559B731D654F5200EC0742 /* UserModel.xcdatamodel */,
			);
			currentVersion = 94559B731D654F5200EC0742 /* UserModel.xcdatamodel */;
			path = UserModel.xcdatamodeld;
			sourceTree = "<group>";
			versionGroupType = wrapper.xcdatamodel;
		};
/* End XCVersionGroup section */
	};
	rootObject = 94559AFF1D6450A900EC0742 /* Project object */;
}
